PODS:
  - Factory (2.3.2)
  - MediaPipeTasksGenAI (0.10.12):
    - MediaPipeTasksGenAIC (= 0.10.12)
  - MediaPipeTasksGenAIC (0.10.12)

DEPENDENCIES:
  - Factory
  - MediaPipeTasksGenAI

SPEC REPOS:
  trunk:
    - Factory
    - MediaPipeTasksGenAI
    - MediaPipeTasksGenAIC

SPEC CHECKSUMS:
  Factory: 3a9d0809910130d609b34d4554828e6ecce519ff
  MediaPipeTasksGenAI: efd6d1177fcb6455a5460466c99229da4afe35bb
  MediaPipeTasksGenAIC: ed29bc83f4f39276505abfe956f4ff25f9c6a93a

PODFILE CHECKSUM: 8fc6283549a52f81d6f7ba94317840344f73ad53

COCOAPODS: 1.15.2
