// !$*UTF8*$!
{
	archiveVersion = 1;
	classes = {
	};
	objectVersion = 56;
	objects = {

/* Begin PBXBuildFile section */
		6910F4CD2BB36A980042162B /* InstructionsView.swift in Sources */ = {isa = PBXBuildFile; fileRef = 6910F4CC2BB36A980042162B /* InstructionsView.swift */; };
		6910F4CF2BB36C590042162B /* PlayView.swift in Sources */ = {isa = PBXBuildFile; fileRef = 6910F4CE2BB36C590042162B /* PlayView.swift */; };
		6911F0C82BB1F11B00C0C0B0 /* Simon_SaysApp.swift in Sources */ = {isa = PBXBuildFile; fileRef = 6911F0C72BB1F11B00C0C0B0 /* Simon_SaysApp.swift */; };
		6911F0CA2BB1F11B00C0C0B0 /* IntroductionView.swift in Sources */ = {isa = PBXBuildFile; fileRef = 6911F0C92BB1F11B00C0C0B0 /* IntroductionView.swift */; };
		6911F0CC2BB1F11C00C0C0B0 /* Assets.xcassets in Resources */ = {isa = PBXBuildFile; fileRef = 6911F0CB2BB1F11C00C0C0B0 /* Assets.xcassets */; };
		6911F0CF2BB1F11C00C0C0B0 /* Preview Assets.xcassets in Resources */ = {isa = PBXBuildFile; fileRef = 6911F0CE2BB1F11C00C0C0B0 /* Preview Assets.xcassets */; };
		693A75142BB367D100908F97 /* Podfile in Resources */ = {isa = PBXBuildFile; fileRef = 693A75132BB367D100908F97 /* Podfile */; };
		6984FCE02BC19EED00D2CC64 /* PlayViewModel.swift in Sources */ = {isa = PBXBuildFile; fileRef = 6984FCDF2BC19EED00D2CC64 /* PlayViewModel.swift */; };
		6984FCE22BC1A1B300D2CC64 /* MediaPipeLLMDataSource.swift in Sources */ = {isa = PBXBuildFile; fileRef = 6984FCE12BC1A1B300D2CC64 /* MediaPipeLLMDataSource.swift */; };
		6984FCE42BC1B24200D2CC64 /* MediaPipeRepository.swift in Sources */ = {isa = PBXBuildFile; fileRef = 6984FCE32BC1B24200D2CC64 /* MediaPipeRepository.swift */; };
		6984FCE62BC1B36E00D2CC64 /* StartSimonSays.swift in Sources */ = {isa = PBXBuildFile; fileRef = 6984FCE52BC1B36E00D2CC64 /* StartSimonSays.swift */; };
		6984FCE82BC1B44100D2CC64 /* SendMessageToSimon.swift in Sources */ = {isa = PBXBuildFile; fileRef = 6984FCE72BC1B44100D2CC64 /* SendMessageToSimon.swift */; };
		6984FCEB2BC1BC9200D2CC64 /* DependencyInjectionContainer.swift in Sources */ = {isa = PBXBuildFile; fileRef = 6984FCEA2BC1BC9200D2CC64 /* DependencyInjectionContainer.swift */; };
		6984FCF22BC1C6C700D2CC64 /* gemma-2b-it-cpu-int8.bin in Resources */ = {isa = PBXBuildFile; fileRef = 6984FCF12BC1C6C700D2CC64 /* gemma-2b-it-cpu-int8.bin */; };
		69C3CFC72BBB5E560040EBB3 /* ChatMessageModifiers.swift in Sources */ = {isa = PBXBuildFile; fileRef = 69C3CFC62BBB5E560040EBB3 /* ChatMessageModifiers.swift */; };
		E3320FC1E79B2DE0F5A24230 /* Pods_Simon_Says.framework in Frameworks */ = {isa = PBXBuildFile; fileRef = 6144448C50D568E9A1F097DB /* Pods_Simon_Says.framework */; };
/* End PBXBuildFile section */

/* Begin PBXFileReference section */
		041F5E042E57B06D07430CFC /* Pods-Simon-Says.release.xcconfig */ = {isa = PBXFileReference; includeInIndex = 1; lastKnownFileType = text.xcconfig; name = "Pods-Simon-Says.release.xcconfig"; path = "Target Support Files/Pods-Simon-Says/Pods-Simon-Says.release.xcconfig"; sourceTree = "<group>"; };
		130BCEC97558D2D8181ABA2A /* Pods-Simon-Says.debug.xcconfig */ = {isa = PBXFileReference; includeInIndex = 1; lastKnownFileType = text.xcconfig; name = "Pods-Simon-Says.debug.xcconfig"; path = "Target Support Files/Pods-Simon-Says/Pods-Simon-Says.debug.xcconfig"; sourceTree = "<group>"; };
		6144448C50D568E9A1F097DB /* Pods_Simon_Says.framework */ = {isa = PBXFileReference; explicitFileType = wrapper.framework; includeInIndex = 0; path = Pods_Simon_Says.framework; sourceTree = BUILT_PRODUCTS_DIR; };
		6910F4CC2BB36A980042162B /* InstructionsView.swift */ = {isa = PBXFileReference; lastKnownFileType = sourcecode.swift; path = InstructionsView.swift; sourceTree = "<group>"; };
		6910F4CE2BB36C590042162B /* PlayView.swift */ = {isa = PBXFileReference; lastKnownFileType = sourcecode.swift; path = PlayView.swift; sourceTree = "<group>"; };
		6911F0C42BB1F11B00C0C0B0 /* Simon-Says.app */ = {isa = PBXFileReference; explicitFileType = wrapper.application; includeInIndex = 0; path = "Simon-Says.app"; sourceTree = BUILT_PRODUCTS_DIR; };
		6911F0C72BB1F11B00C0C0B0 /* Simon_SaysApp.swift */ = {isa = PBXFileReference; lastKnownFileType = sourcecode.swift; path = Simon_SaysApp.swift; sourceTree = "<group>"; };
		6911F0C92BB1F11B00C0C0B0 /* IntroductionView.swift */ = {isa = PBXFileReference; lastKnownFileType = sourcecode.swift; path = IntroductionView.swift; sourceTree = "<group>"; };
		6911F0CB2BB1F11C00C0C0B0 /* Assets.xcassets */ = {isa = PBXFileReference; lastKnownFileType = folder.assetcatalog; path = Assets.xcassets; sourceTree = "<group>"; };
		6911F0CE2BB1F11C00C0C0B0 /* Preview Assets.xcassets */ = {isa = PBXFileReference; lastKnownFileType = folder.assetcatalog; path = "Preview Assets.xcassets"; sourceTree = "<group>"; };
		693A75132BB367D100908F97 /* Podfile */ = {isa = PBXFileReference; lastKnownFileType = text; path = Podfile; sourceTree = "<group>"; xcLanguageSpecificationIdentifier = xcode.lang.ruby; };
		6984FCDF2BC19EED00D2CC64 /* PlayViewModel.swift */ = {isa = PBXFileReference; lastKnownFileType = sourcecode.swift; path = PlayViewModel.swift; sourceTree = "<group>"; };
		6984FCE12BC1A1B300D2CC64 /* MediaPipeLLMDataSource.swift */ = {isa = PBXFileReference; lastKnownFileType = sourcecode.swift; path = MediaPipeLLMDataSource.swift; sourceTree = "<group>"; };
		6984FCE32BC1B24200D2CC64 /* MediaPipeRepository.swift */ = {isa = PBXFileReference; lastKnownFileType = sourcecode.swift; path = MediaPipeRepository.swift; sourceTree = "<group>"; };
		6984FCE52BC1B36E00D2CC64 /* StartSimonSays.swift */ = {isa = PBXFileReference; lastKnownFileType = sourcecode.swift; path = StartSimonSays.swift; sourceTree = "<group>"; };
		6984FCE72BC1B44100D2CC64 /* SendMessageToSimon.swift */ = {isa = PBXFileReference; lastKnownFileType = sourcecode.swift; path = SendMessageToSimon.swift; sourceTree = "<group>"; };
		6984FCEA2BC1BC9200D2CC64 /* DependencyInjectionContainer.swift */ = {isa = PBXFileReference; lastKnownFileType = sourcecode.swift; path = DependencyInjectionContainer.swift; sourceTree = "<group>"; };
		6984FCF12BC1C6C700D2CC64 /* gemma-2b-it-cpu-int8.bin */ = {isa = PBXFileReference; lastKnownFileType = archive.macbinary; path = "gemma-2b-it-cpu-int8.bin"; sourceTree = "<group>"; };
		69C3CFC62BBB5E560040EBB3 /* ChatMessageModifiers.swift */ = {isa = PBXFileReference; lastKnownFileType = sourcecode.swift; path = ChatMessageModifiers.swift; sourceTree = "<group>"; };
/* End PBXFileReference section */

/* Begin PBXFrameworksBuildPhase section */
		6911F0C12BB1F11B00C0C0B0 /* Frameworks */ = {
			isa = PBXFrameworksBuildPhase;
			buildActionMask = 2147483647;
			files = (
				E3320FC1E79B2DE0F5A24230 /* Pods_Simon_Says.framework in Frameworks */,
			);
			runOnlyForDeploymentPostprocessing = 0;
		};
/* End PBXFrameworksBuildPhase section */

/* Begin PBXGroup section */
		355AD754916BC39B304F0029 /* Frameworks */ = {
			isa = PBXGroup;
			children = (
				6144448C50D568E9A1F097DB /* Pods_Simon_Says.framework */,
			);
			name = Frameworks;
			sourceTree = "<group>";
		};
		6910F4D32BB37C350042162B /* Presentation */ = {
			isa = PBXGroup;
			children = (
				692E536C2BC19BFD00EE2E9E /* Instructions */,
				692E536B2BC19BF300EE2E9E /* Introduction */,
				692E536A2BC19BEB00EE2E9E /* Play */,
				69C3CFC62BBB5E560040EBB3 /* ChatMessageModifiers.swift */,
			);
			path = Presentation;
			sourceTree = "<group>";
		};
		6910F4D42BB37C490042162B /* Data */ = {
			isa = PBXGroup;
			children = (
				6984FCE12BC1A1B300D2CC64 /* MediaPipeLLMDataSource.swift */,
				6984FCE32BC1B24200D2CC64 /* MediaPipeRepository.swift */,
			);
			path = Data;
			sourceTree = "<group>";
		};
		6910F4D52BB37C500042162B /* Domain */ = {
			isa = PBXGroup;
			children = (
				6984FCE52BC1B36E00D2CC64 /* StartSimonSays.swift */,
				6984FCE72BC1B44100D2CC64 /* SendMessageToSimon.swift */,
			);
			path = Domain;
			sourceTree = "<group>";
		};
		6911F0BB2BB1F11B00C0C0B0 = {
			isa = PBXGroup;
			children = (
				693A75132BB367D100908F97 /* Podfile */,
				6911F0C62BB1F11B00C0C0B0 /* Simon-Says */,
				6911F0C52BB1F11B00C0C0B0 /* Products */,
				D948FA6DDA8B5A28AB29F248 /* Pods */,
				355AD754916BC39B304F0029 /* Frameworks */,
			);
			sourceTree = "<group>";
		};
		6911F0C52BB1F11B00C0C0B0 /* Products */ = {
			isa = PBXGroup;
			children = (
				6911F0C42BB1F11B00C0C0B0 /* Simon-Says.app */,
			);
			name = Products;
			sourceTree = "<group>";
		};
		6911F0C62BB1F11B00C0C0B0 /* Simon-Says */ = {
			isa = PBXGroup;
			children = (
				6911F0C72BB1F11B00C0C0B0 /* Simon_SaysApp.swift */,
				6984FCE92BC1BC8000D2CC64 /* DI */,
				6910F4D42BB37C490042162B /* Data */,
				6910F4D52BB37C500042162B /* Domain */,
				6910F4D32BB37C350042162B /* Presentation */,
				6984FCEC2BC1C62300D2CC64 /* gemma-model */,
				6911F0CB2BB1F11C00C0C0B0 /* Assets.xcassets */,
				6911F0CD2BB1F11C00C0C0B0 /* Preview Content */,
			);
			path = "Simon-Says";
			sourceTree = "<group>";
		};
		6911F0CD2BB1F11C00C0C0B0 /* Preview Content */ = {
			isa = PBXGroup;
			children = (
				6911F0CE2BB1F11C00C0C0B0 /* Preview Assets.xcassets */,
			);
			path = "Preview Content";
			sourceTree = "<group>";
		};
		692E536A2BC19BEB00EE2E9E /* Play */ = {
			isa = PBXGroup;
			children = (
				6910F4CE2BB36C590042162B /* PlayView.swift */,
				6984FCDF2BC19EED00D2CC64 /* PlayViewModel.swift */,
			);
			path = Play;
			sourceTree = "<group>";
		};
		692E536B2BC19BF300EE2E9E /* Introduction */ = {
			isa = PBXGroup;
			children = (
				6911F0C92BB1F11B00C0C0B0 /* IntroductionView.swift */,
			);
			path = Introduction;
			sourceTree = "<group>";
		};
		692E536C2BC19BFD00EE2E9E /* Instructions */ = {
			isa = PBXGroup;
			children = (
				6910F4CC2BB36A980042162B /* InstructionsView.swift */,
			);
			path = Instructions;
			sourceTree = "<group>";
		};
		6984FCE92BC1BC8000D2CC64 /* DI */ = {
			isa = PBXGroup;
			children = (
				6984FCEA2BC1BC9200D2CC64 /* DependencyInjectionContainer.swift */,
			);
			path = DI;
			sourceTree = "<group>";
		};
		6984FCEC2BC1C62300D2CC64 /* gemma-model */ = {
			isa = PBXGroup;
			children = (
				6984FCF12BC1C6C700D2CC64 /* gemma-2b-it-cpu-int8.bin */,
			);
			path = "gemma-model";
			sourceTree = "<group>";
		};
		D948FA6DDA8B5A28AB29F248 /* Pods */ = {
			isa = PBXGroup;
			children = (
				130BCEC97558D2D8181ABA2A /* Pods-Simon-Says.debug.xcconfig */,
				041F5E042E57B06D07430CFC /* Pods-Simon-Says.release.xcconfig */,
			);
			path = Pods;
			sourceTree = "<group>";
		};
/* End PBXGroup section */

/* Begin PBXNativeTarget section */
		6911F0C32BB1F11B00C0C0B0 /* Simon-Says */ = {
			isa = PBXNativeTarget;
			buildConfigurationList = 6911F0D22BB1F11C00C0C0B0 /* Build configuration list for PBXNativeTarget "Simon-Says" */;
			buildPhases = (
				A4C5F6DA20FB98D9BDE01D23 /* [CP] Check Pods Manifest.lock */,
				6911F0C02BB1F11B00C0C0B0 /* Sources */,
				6911F0C12BB1F11B00C0C0B0 /* Frameworks */,
				6911F0C22BB1F11B00C0C0B0 /* Resources */,
				3C6ADB4750696FB4EA11A84D /* [CP] Embed Pods Frameworks */,
			);
			buildRules = (
			);
			dependencies = (
			);
			name = "Simon-Says";
			productName = "Simon-Says";
			productReference = 6911F0C42BB1F11B00C0C0B0 /* Simon-Says.app */;
			productType = "com.apple.product-type.application";
		};
/* End PBXNativeTarget section */

/* Begin PBXProject section */
		6911F0BC2BB1F11B00C0C0B0 /* Project object */ = {
			isa = PBXProject;
			attributes = {
				BuildIndependentTargetsInParallel = 1;
				LastSwiftUpdateCheck = 1520;
				LastUpgradeCheck = 1520;
				TargetAttributes = {
					6911F0C32BB1F11B00C0C0B0 = {
						CreatedOnToolsVersion = 15.2;
					};
				};
			};
			buildConfigurationList = 6911F0BF2BB1F11B00C0C0B0 /* Build configuration list for PBXProject "Simon-Says" */;
			compatibilityVersion = "Xcode 14.0";
			developmentRegion = en;
			hasScannedForEncodings = 0;
			knownRegions = (
				en,
				Base,
			);
			mainGroup = 6911F0BB2BB1F11B00C0C0B0;
			productRefGroup = 6911F0C52BB1F11B00C0C0B0 /* Products */;
			projectDirPath = "";
			projectRoot = "";
			targets = (
				6911F0C32BB1F11B00C0C0B0 /* Simon-Says */,
			);
		};
/* End PBXProject section */

/* Begin PBXResourcesBuildPhase section */
		6911F0C22BB1F11B00C0C0B0 /* Resources */ = {
			isa = PBXResourcesBuildPhase;
			buildActionMask = 2147483647;
			files = (
				693A75142BB367D100908F97 /* Podfile in Resources */,
				6911F0CF2BB1F11C00C0C0B0 /* Preview Assets.xcassets in Resources */,
				6984FCF22BC1C6C700D2CC64 /* gemma-2b-it-cpu-int8.bin in Resources */,
				6911F0CC2BB1F11C00C0C0B0 /* Assets.xcassets in Resources */,
			);
			runOnlyForDeploymentPostprocessing = 0;
		};
/* End PBXResourcesBuildPhase section */

/* Begin PBXShellScriptBuildPhase section */
		3C6ADB4750696FB4EA11A84D /* [CP] Embed Pods Frameworks */ = {
			isa = PBXShellScriptBuildPhase;
			buildActionMask = 2147483647;
			files = (
			);
			inputFileListPaths = (
				"${PODS_ROOT}/Target Support Files/Pods-Simon-Says/Pods-Simon-Says-frameworks-${CONFIGURATION}-input-files.xcfilelist",
			);
			name = "[CP] Embed Pods Frameworks";
			outputFileListPaths = (
				"${PODS_ROOT}/Target Support Files/Pods-Simon-Says/Pods-Simon-Says-frameworks-${CONFIGURATION}-output-files.xcfilelist",
			);
			runOnlyForDeploymentPostprocessing = 0;
			shellPath = /bin/sh;
			shellScript = "\"${PODS_ROOT}/Target Support Files/Pods-Simon-Says/Pods-Simon-Says-frameworks.sh\"\n";
			showEnvVarsInLog = 0;
		};
		A4C5F6DA20FB98D9BDE01D23 /* [CP] Check Pods Manifest.lock */ = {
			isa = PBXShellScriptBuildPhase;
			buildActionMask = 2147483647;
			files = (
			);
			inputFileListPaths = (
			);
			inputPaths = (
				"${PODS_PODFILE_DIR_PATH}/Podfile.lock",
				"${PODS_ROOT}/Manifest.lock",
			);
			name = "[CP] Check Pods Manifest.lock";
			outputFileListPaths = (
			);
			outputPaths = (
				"$(DERIVED_FILE_DIR)/Pods-Simon-Says-checkManifestLockResult.txt",
			);
			runOnlyForDeploymentPostprocessing = 0;
			shellPath = /bin/sh;
			shellScript = "diff \"${PODS_PODFILE_DIR_PATH}/Podfile.lock\" \"${PODS_ROOT}/Manifest.lock\" > /dev/null\nif [ $? != 0 ] ; then\n    # print error to STDERR\n    echo \"error: The sandbox is not in sync with the Podfile.lock. Run 'pod install' or update your CocoaPods installation.\" >&2\n    exit 1\nfi\n# This output is used by Xcode 'outputs' to avoid re-running this script phase.\necho \"SUCCESS\" > \"${SCRIPT_OUTPUT_FILE_0}\"\n";
			showEnvVarsInLog = 0;
		};
/* End PBXShellScriptBuildPhase section */

/* Begin PBXSourcesBuildPhase section */
		6911F0C02BB1F11B00C0C0B0 /* Sources */ = {
			isa = PBXSourcesBuildPhase;
			buildActionMask = 2147483647;
			files = (
				6984FCE02BC19EED00D2CC64 /* PlayViewModel.swift in Sources */,
				6911F0CA2BB1F11B00C0C0B0 /* IntroductionView.swift in Sources */,
				6910F4CD2BB36A980042162B /* InstructionsView.swift in Sources */,
				69C3CFC72BBB5E560040EBB3 /* ChatMessageModifiers.swift in Sources */,
				6984FCE62BC1B36E00D2CC64 /* StartSimonSays.swift in Sources */,
				6910F4CF2BB36C590042162B /* PlayView.swift in Sources */,
				6911F0C82BB1F11B00C0C0B0 /* Simon_SaysApp.swift in Sources */,
				6984FCE82BC1B44100D2CC64 /* SendMessageToSimon.swift in Sources */,
				6984FCE42BC1B24200D2CC64 /* MediaPipeRepository.swift in Sources */,
				6984FCE22BC1A1B300D2CC64 /* MediaPipeLLMDataSource.swift in Sources */,
				6984FCEB2BC1BC9200D2CC64 /* DependencyInjectionContainer.swift in Sources */,
			);
			runOnlyForDeploymentPostprocessing = 0;
		};
/* End PBXSourcesBuildPhase section */

/* Begin XCBuildConfiguration section */
		6911F0D02BB1F11C00C0C0B0 /* Debug */ = {
			isa = XCBuildConfiguration;
			buildSettings = {
				ALWAYS_SEARCH_USER_PATHS = NO;
				ASSETCATALOG_COMPILER_GENERATE_SWIFT_ASSET_SYMBOL_EXTENSIONS = YES;
				CLANG_ANALYZER_NONNULL = YES;
				CLANG_ANALYZER_NUMBER_OBJECT_CONVERSION = YES_AGGRESSIVE;
				CLANG_CXX_LANGUAGE_STANDARD = "gnu++20";
				CLANG_ENABLE_MODULES = YES;
				CLANG_ENABLE_OBJC_ARC = YES;
				CLANG_ENABLE_OBJC_WEAK = YES;
				CLANG_WARN_BLOCK_CAPTURE_AUTORELEASING = YES;
				CLANG_WARN_BOOL_CONVERSION = YES;
				CLANG_WARN_COMMA = YES;
				CLANG_WARN_CONSTANT_CONVERSION = YES;
				CLANG_WARN_DEPRECATED_OBJC_IMPLEMENTATIONS = YES;
				CLANG_WARN_DIRECT_OBJC_ISA_USAGE = YES_ERROR;
				CLANG_WARN_DOCUMENTATION_COMMENTS = YES;
				CLANG_WARN_EMPTY_BODY = YES;
				CLANG_WARN_ENUM_CONVERSION = YES;
				CLANG_WARN_INFINITE_RECURSION = YES;
				CLANG_WARN_INT_CONVERSION = YES;
				CLANG_WARN_NON_LITERAL_NULL_CONVERSION = YES;
				CLANG_WARN_OBJC_IMPLICIT_RETAIN_SELF = YES;
				CLANG_WARN_OBJC_LITERAL_CONVERSION = YES;
				CLANG_WARN_OBJC_ROOT_CLASS = YES_ERROR;
				CLANG_WARN_QUOTED_INCLUDE_IN_FRAMEWORK_HEADER = YES;
				CLANG_WARN_RANGE_LOOP_ANALYSIS = YES;
				CLANG_WARN_STRICT_PROTOTYPES = YES;
				CLANG_WARN_SUSPICIOUS_MOVE = YES;
				CLANG_WARN_UNGUARDED_AVAILABILITY = YES_AGGRESSIVE;
				CLANG_WARN_UNREACHABLE_CODE = YES;
				CLANG_WARN__DUPLICATE_METHOD_MATCH = YES;
				COPY_PHASE_STRIP = NO;
				DEBUG_INFORMATION_FORMAT = dwarf;
				ENABLE_STRICT_OBJC_MSGSEND = YES;
				ENABLE_TESTABILITY = YES;
				ENABLE_USER_SCRIPT_SANDBOXING = YES;
				GCC_C_LANGUAGE_STANDARD = gnu17;
				GCC_DYNAMIC_NO_PIC = NO;
				GCC_NO_COMMON_BLOCKS = YES;
				GCC_OPTIMIZATION_LEVEL = 0;
				GCC_PREPROCESSOR_DEFINITIONS = (
					"DEBUG=1",
					"$(inherited)",
				);
				GCC_WARN_64_TO_32_BIT_CONVERSION = YES;
				GCC_WARN_ABOUT_RETURN_TYPE = YES_ERROR;
				GCC_WARN_UNDECLARED_SELECTOR = YES;
				GCC_WARN_UNINITIALIZED_AUTOS = YES_AGGRESSIVE;
				GCC_WARN_UNUSED_FUNCTION = YES;
				GCC_WARN_UNUSED_VARIABLE = YES;
				IPHONEOS_DEPLOYMENT_TARGET = 17.2;
				LOCALIZATION_PREFERS_STRING_CATALOGS = YES;
				MTL_ENABLE_DEBUG_INFO = INCLUDE_SOURCE;
				MTL_FAST_MATH = YES;
				ONLY_ACTIVE_ARCH = YES;
				SDKROOT = iphoneos;
				SWIFT_ACTIVE_COMPILATION_CONDITIONS = "DEBUG $(inherited)";
				SWIFT_OPTIMIZATION_LEVEL = "-Onone";
			};
			name = Debug;
		};
		6911F0D12BB1F11C00C0C0B0 /* Release */ = {
			isa = XCBuildConfiguration;
			buildSettings = {
				ALWAYS_SEARCH_USER_PATHS = NO;
				ASSETCATALOG_COMPILER_GENERATE_SWIFT_ASSET_SYMBOL_EXTENSIONS = YES;
				CLANG_ANALYZER_NONNULL = YES;
				CLANG_ANALYZER_NUMBER_OBJECT_CONVERSION = YES_AGGRESSIVE;
				CLANG_CXX_LANGUAGE_STANDARD = "gnu++20";
				CLANG_ENABLE_MODULES = YES;
				CLANG_ENABLE_OBJC_ARC = YES;
				CLANG_ENABLE_OBJC_WEAK = YES;
				CLANG_WARN_BLOCK_CAPTURE_AUTORELEASING = YES;
				CLANG_WARN_BOOL_CONVERSION = YES;
				CLANG_WARN_COMMA = YES;
				CLANG_WARN_CONSTANT_CONVERSION = YES;
				CLANG_WARN_DEPRECATED_OBJC_IMPLEMENTATIONS = YES;
				CLANG_WARN_DIRECT_OBJC_ISA_USAGE = YES_ERROR;
				CLANG_WARN_DOCUMENTATION_COMMENTS = YES;
				CLANG_WARN_EMPTY_BODY = YES;
				CLANG_WARN_ENUM_CONVERSION = YES;
				CLANG_WARN_INFINITE_RECURSION = YES;
				CLANG_WARN_INT_CONVERSION = YES;
				CLANG_WARN_NON_LITERAL_NULL_CONVERSION = YES;
				CLANG_WARN_OBJC_IMPLICIT_RETAIN_SELF = YES;
				CLANG_WARN_OBJC_LITERAL_CONVERSION = YES;
				CLANG_WARN_OBJC_ROOT_CLASS = YES_ERROR;
				CLANG_WARN_QUOTED_INCLUDE_IN_FRAMEWORK_HEADER = YES;
				CLANG_WARN_RANGE_LOOP_ANALYSIS = YES;
				CLANG_WARN_STRICT_PROTOTYPES = YES;
				CLANG_WARN_SUSPICIOUS_MOVE = YES;
				CLANG_WARN_UNGUARDED_AVAILABILITY = YES_AGGRESSIVE;
				CLANG_WARN_UNREACHABLE_CODE = YES;
				CLANG_WARN__DUPLICATE_METHOD_MATCH = YES;
				COPY_PHASE_STRIP = NO;
				DEBUG_INFORMATION_FORMAT = "dwarf-with-dsym";
				ENABLE_NS_ASSERTIONS = NO;
				ENABLE_STRICT_OBJC_MSGSEND = YES;
				ENABLE_USER_SCRIPT_SANDBOXING = YES;
				GCC_C_LANGUAGE_STANDARD = gnu17;
				GCC_NO_COMMON_BLOCKS = YES;
				GCC_WARN_64_TO_32_BIT_CONVERSION = YES;
				GCC_WARN_ABOUT_RETURN_TYPE = YES_ERROR;
				GCC_WARN_UNDECLARED_SELECTOR = YES;
				GCC_WARN_UNINITIALIZED_AUTOS = YES_AGGRESSIVE;
				GCC_WARN_UNUSED_FUNCTION = YES;
				GCC_WARN_UNUSED_VARIABLE = YES;
				IPHONEOS_DEPLOYMENT_TARGET = 17.2;
				LOCALIZATION_PREFERS_STRING_CATALOGS = YES;
				MTL_ENABLE_DEBUG_INFO = NO;
				MTL_FAST_MATH = YES;
				SDKROOT = iphoneos;
				SWIFT_COMPILATION_MODE = wholemodule;
				VALIDATE_PRODUCT = YES;
			};
			name = Release;
		};
		6911F0D32BB1F11C00C0C0B0 /* Debug */ = {
			isa = XCBuildConfiguration;
			baseConfigurationReference = 130BCEC97558D2D8181ABA2A /* Pods-Simon-Says.debug.xcconfig */;
			buildSettings = {
				ASSETCATALOG_COMPILER_APPICON_NAME = AppIcon;
				ASSETCATALOG_COMPILER_GLOBAL_ACCENT_COLOR_NAME = AccentColor;
				CODE_SIGN_STYLE = Automatic;
				CURRENT_PROJECT_VERSION = 1;
				DEVELOPMENT_ASSET_PATHS = "\"Simon-Says/Preview Content\"";
				ENABLE_PREVIEWS = YES;
				ENABLE_USER_SCRIPT_SANDBOXING = NO;
				GENERATE_INFOPLIST_FILE = YES;
				INFOPLIST_KEY_UIApplicationSceneManifest_Generation = YES;
				INFOPLIST_KEY_UIApplicationSupportsIndirectInputEvents = YES;
				INFOPLIST_KEY_UILaunchScreen_Generation = YES;
				INFOPLIST_KEY_UISupportedInterfaceOrientations_iPad = "UIInterfaceOrientationPortrait UIInterfaceOrientationPortraitUpsideDown UIInterfaceOrientationLandscapeLeft UIInterfaceOrientationLandscapeRight";
				INFOPLIST_KEY_UISupportedInterfaceOrientations_iPhone = "UIInterfaceOrientationPortrait UIInterfaceOrientationLandscapeLeft UIInterfaceOrientationLandscapeRight";
				LD_RUNPATH_SEARCH_PATHS = (
					"$(inherited)",
					"@executable_path/Frameworks",
				);
				MARKETING_VERSION = 1.0;
				PRODUCT_BUNDLE_IDENTIFIER = "darrylbayliss.Simon-Says";
				PRODUCT_NAME = "$(TARGET_NAME)";
				SWIFT_EMIT_LOC_STRINGS = YES;
				SWIFT_VERSION = 5.0;
				TARGETED_DEVICE_FAMILY = "1,2";
			};
			name = Debug;
		};
		6911F0D42BB1F11C00C0C0B0 /* Release */ = {
			isa = XCBuildConfiguration;
			baseConfigurationReference = 041F5E042E57B06D07430CFC /* Pods-Simon-Says.release.xcconfig */;
			buildSettings = {
				ASSETCATALOG_COMPILER_APPICON_NAME = AppIcon;
				ASSETCATALOG_COMPILER_GLOBAL_ACCENT_COLOR_NAME = AccentColor;
				CODE_SIGN_STYLE = Automatic;
				CURRENT_PROJECT_VERSION = 1;
				DEVELOPMENT_ASSET_PATHS = "\"Simon-Says/Preview Content\"";
				ENABLE_PREVIEWS = YES;
				ENABLE_USER_SCRIPT_SANDBOXING = NO;
				GENERATE_INFOPLIST_FILE = YES;
				INFOPLIST_KEY_UIApplicationSceneManifest_Generation = YES;
				INFOPLIST_KEY_UIApplicationSupportsIndirectInputEvents = YES;
				INFOPLIST_KEY_UILaunchScreen_Generation = YES;
				INFOPLIST_KEY_UISupportedInterfaceOrientations_iPad = "UIInterfaceOrientationPortrait UIInterfaceOrientationPortraitUpsideDown UIInterfaceOrientationLandscapeLeft UIInterfaceOrientationLandscapeRight";
				INFOPLIST_KEY_UISupportedInterfaceOrientations_iPhone = "UIInterfaceOrientationPortrait UIInterfaceOrientationLandscapeLeft UIInterfaceOrientationLandscapeRight";
				LD_RUNPATH_SEARCH_PATHS = (
					"$(inherited)",
					"@executable_path/Frameworks",
				);
				MARKETING_VERSION = 1.0;
				PRODUCT_BUNDLE_IDENTIFIER = "darrylbayliss.Simon-Says";
				PRODUCT_NAME = "$(TARGET_NAME)";
				SWIFT_EMIT_LOC_STRINGS = YES;
				SWIFT_VERSION = 5.0;
				TARGETED_DEVICE_FAMILY = "1,2";
			};
			name = Release;
		};
/* End XCBuildConfiguration section */

/* Begin XCConfigurationList section */
		6911F0BF2BB1F11B00C0C0B0 /* Build configuration list for PBXProject "Simon-Says" */ = {
			isa = XCConfigurationList;
			buildConfigurations = (
				6911F0D02BB1F11C00C0C0B0 /* Debug */,
				6911F0D12BB1F11C00C0C0B0 /* Release */,
			);
			defaultConfigurationIsVisible = 0;
			defaultConfigurationName = Release;
		};
		6911F0D22BB1F11C00C0C0B0 /* Build configuration list for PBXNativeTarget "Simon-Says" */ = {
			isa = XCConfigurationList;
			buildConfigurations = (
				6911F0D32BB1F11C00C0C0B0 /* Debug */,
				6911F0D42BB1F11C00C0C0B0 /* Release */,
			);
			defaultConfigurationIsVisible = 0;
			defaultConfigurationName = Release;
		};
/* End XCConfigurationList section */
	};
	rootObject = 6911F0BC2BB1F11B00C0C0B0 /* Project object */;
}
